
Microsoft Visual Studio Solution File, Format Version 12.00
# Visual Studio Version 17
VisualStudioVersion = 17.9.34723.18
MinimumVisualStudioVersion = 10.0.40219.1
Project("{9A19103F-16F7-4668-BE54-9A1E7A4F7556}") = "KKKSDotNetCore.ConsoleApp", "KKKSDotNetCore.ConsoleApp\KKKSDotNetCore.ConsoleApp.csproj", "{23B581D8-8B86-4A43-8284-8485393564AA}"
EndProject
Project("{2150E333-8FDC-42A3-9474-1A3956D46DE8}") = "Documents", "Documents", "{BFB22994-921B-4395-B223-B0B7B2A1CDB8}"
	ProjectSection(SolutionItems) = preProject
		KKKSDotNetCore.sql = KKKSDotNetCore.sql
		README.md = README.md
	EndProjectSection
EndProject
Global
	GlobalSection(SolutionConfigurationPlatforms) = preSolution
		Debug|Any CPU = Debug|Any CPU
		Release|Any CPU = Release|Any CPU
	EndGlobalSection
	GlobalSection(ProjectConfigurationPlatforms) = postSolution
		{23B581D8-8B86-4A43-8284-8485393564AA}.Debug|Any CPU.ActiveCfg = Debug|Any CPU
		{23B581D8-8B86-4A43-8284-8485393564AA}.Debug|Any CPU.Build.0 = Debug|Any CPU
		{23B581D8-8B86-4A43-8284-8485393564AA}.Release|Any CPU.ActiveCfg = Release|Any CPU
		{23B581D8-8B86-4A43-8284-8485393564AA}.Release|Any CPU.Build.0 = Release|Any CPU
	EndGlobalSection
	GlobalSection(SolutionProperties) = preSolution
		HideSolutionNode = FALSE
	EndGlobalSection
	GlobalSection(ExtensibilityGlobals) = postSolution
		SolutionGuid = {4F999A04-5FBB-491A-AFCA-DBD9F8C586B3}
	EndGlobalSection
EndGlobal
